
Microsoft Visual Studio Solution File, Format Version 12.00
# Visual Studio 15
VisualStudioVersion = 15.0.26730.8
MinimumVisualStudioVersion = 10.0.40219.1
Project("{9A19103F-16F7-4668-BE54-9A1E7A4F7556}") = "robotargensearch", "robotargensearch.csproj", "{75A2989B-6225-4F2A-8EA2-731D16B2437B}"
EndProject
Global
	GlobalSection(SolutionConfigurationPlatforms) = preSolution
		Debug|Any CPU = Debug|Any CPU
		Release|Any CPU = Release|Any CPU
	EndGlobalSection
	GlobalSection(ProjectConfigurationPlatforms) = postSolution
		{75A2989B-6225-4F2A-8EA2-731D16B2437B}.Debug|Any CPU.ActiveCfg = Debug|Any CPU
		{75A2989B-6225-4F2A-8EA2-731D16B2437B}.Debug|Any CPU.Build.0 = Debug|Any CPU
		{75A2989B-6225-4F2A-8EA2-731D16B2437B}.Release|Any CPU.ActiveCfg = Release|Any CPU
		{75A2989B-6225-4F2A-8EA2-731D16B2437B}.Release|Any CPU.Build.0 = Release|Any CPU
	EndGlobalSection
	GlobalSection(SolutionProperties) = preSolution
		HideSolutionNode = FALSE
	EndGlobalSection
	GlobalSection(ExtensibilityGlobals) = postSolution
		SolutionGuid = {FBCFB7C2-4C38-4EE9-8F33-16FBF0BD2D01}
	EndGlobalSection
EndGlobal
